
Microsoft Visual Studio Solution File, Format Version 12.00
# Visual Studio Version 17
VisualStudioVersion = 17.13.35931.197 d17.13
MinimumVisualStudioVersion = 10.0.40219.1
Project("{FAE04EC0-301F-11D3-BF4B-00C04F79EFBC}") = "CreateGDAPI", "CreateGDAPI\CreateGDAPI.csproj", "{7CF39B81-C7D2-4089-A981-A7CBA916B31B}"
EndProject
Global
	GlobalSection(SolutionConfigurationPlatforms) = preSolution
		Debug|Any CPU = Debug|Any CPU
		Release|Any CPU = Release|Any CPU
	EndGlobalSection
	GlobalSection(ProjectConfigurationPlatforms) = postSolution
		{7CF39B81-C7D2-4089-A981-A7CBA916B31B}.Debug|Any CPU.ActiveCfg = Debug|Any CPU
		{7CF39B81-C7D2-4089-A981-A7CBA916B31B}.Debug|Any CPU.Build.0 = Debug|Any CPU
		{7CF39B81-C7D2-4089-A981-A7CBA916B31B}.Release|Any CPU.ActiveCfg = Release|Any CPU
		{7CF39B81-C7D2-4089-A981-A7CBA916B31B}.Release|Any CPU.Build.0 = Release|Any CPU
	EndGlobalSection
	GlobalSection(SolutionProperties) = preSolution
		HideSolutionNode = FALSE
	EndGlobalSection
	GlobalSection(ExtensibilityGlobals) = postSolution
		SolutionGuid = {5B15D437-F55C-47B4-B364-CCC9D3B96715}
	EndGlobalSection
EndGlobal
